
Microsoft Visual Studio Solution File, Format Version 12.00
# Visual Studio Version 17
VisualStudioVersion = 17.3.32929.385
MinimumVisualStudioVersion = 10.0.40219.1
Project("{8BC9CEB8-8B4A-11D0-8D11-00A0C91BC942}") = "Laba 6.2", "Laba 6.2.vcxproj", "{2B72ED23-8EFC-4921-BE0E-6620AC720A96}"
EndProject
Project("{8BC9CEB8-8B4A-11D0-8D11-00A0C91BC942}") = "ConsoleApplication2", "..\ConsoleApplication2\ConsoleApplication2.vcxproj", "{EC78419A-8A16-40C6-BD9C-C9E4A58D35DD}"
EndProject
Project("{8BC9CEB8-8B4A-11D0-8D11-00A0C91BC942}") = "UnitTest1", "UnitTest1\UnitTest1.vcxproj", "{A5AC695D-5051-4ED8-AF9E-47AFC416C99A}"
EndProject
Project("{8BC9CEB8-8B4A-11D0-8D11-00A0C91BC942}") = "UnitTest3", "..\UnitTest3\UnitTest3.vcxproj", "{0F8F528F-16A9-4FCA-9077-0543313BD20B}"
EndProject
Global
	GlobalSection(SolutionConfigurationPlatforms) = preSolution
		Debug|x64 = Debug|x64
		Debug|x86 = Debug|x86
		Release|x64 = Release|x64
		Release|x86 = Release|x86
	EndGlobalSection
	GlobalSection(ProjectConfigurationPlatforms) = postSolution
		{2B72ED23-8EFC-4921-BE0E-6620AC720A96}.Debug|x64.ActiveCfg = Debug|x64
		{2B72ED23-8EFC-4921-BE0E-6620AC720A96}.Debug|x64.Build.0 = Debug|x64
		{2B72ED23-8EFC-4921-BE0E-6620AC720A96}.Debug|x86.ActiveCfg = Debug|Win32
		{2B72ED23-8EFC-4921-BE0E-6620AC720A96}.Debug|x86.Build.0 = Debug|Win32
		{2B72ED23-8EFC-4921-BE0E-6620AC720A96}.Release|x64.ActiveCfg = Release|x64
		{2B72ED23-8EFC-4921-BE0E-6620AC720A96}.Release|x64.Build.0 = Release|x64
		{2B72ED23-8EFC-4921-BE0E-6620AC720A96}.Release|x86.ActiveCfg = Release|Win32
		{2B72ED23-8EFC-4921-BE0E-6620AC720A96}.Release|x86.Build.0 = Release|Win32
		{EC78419A-8A16-40C6-BD9C-C9E4A58D35DD}.Debug|x64.ActiveCfg = Debug|x64
		{EC78419A-8A16-40C6-BD9C-C9E4A58D35DD}.Debug|x64.Build.0 = Debug|x64
		{EC78419A-8A16-40C6-BD9C-C9E4A58D35DD}.Debug|x86.ActiveCfg = Debug|Win32
		{EC78419A-8A16-40C6-BD9C-C9E4A58D35DD}.Debug|x86.Build.0 = Debug|Win32
		{EC78419A-8A16-40C6-BD9C-C9E4A58D35DD}.Release|x64.ActiveCfg = Release|x64
		{EC78419A-8A16-40C6-BD9C-C9E4A58D35DD}.Release|x64.Build.0 = Release|x64
		{EC78419A-8A16-40C6-BD9C-C9E4A58D35DD}.Release|x86.ActiveCfg = Release|Win32
		{EC78419A-8A16-40C6-BD9C-C9E4A58D35DD}.Release|x86.Build.0 = Release|Win32
		{A5AC695D-5051-4ED8-AF9E-47AFC416C99A}.Debug|x64.ActiveCfg = Debug|x64
		{A5AC695D-5051-4ED8-AF9E-47AFC416C99A}.Debug|x64.Build.0 = Debug|x64
		{A5AC695D-5051-4ED8-AF9E-47AFC416C99A}.Debug|x86.ActiveCfg = Debug|Win32
		{A5AC695D-5051-4ED8-AF9E-47AFC416C99A}.Debug|x86.Build.0 = Debug|Win32
		{A5AC695D-5051-4ED8-AF9E-47AFC416C99A}.Release|x64.ActiveCfg = Release|x64
		{A5AC695D-5051-4ED8-AF9E-47AFC416C99A}.Release|x64.Build.0 = Release|x64
		{A5AC695D-5051-4ED8-AF9E-47AFC416C99A}.Release|x86.ActiveCfg = Release|Win32
		{A5AC695D-5051-4ED8-AF9E-47AFC416C99A}.Release|x86.Build.0 = Release|Win32
		{0F8F528F-16A9-4FCA-9077-0543313BD20B}.Debug|x64.ActiveCfg = Debug|x64
		{0F8F528F-16A9-4FCA-9077-0543313BD20B}.Debug|x64.Build.0 = Debug|x64
		{0F8F528F-16A9-4FCA-9077-0543313BD20B}.Debug|x86.ActiveCfg = Debug|Win32
		{0F8F528F-16A9-4FCA-9077-0543313BD20B}.Debug|x86.Build.0 = Debug|Win32
		{0F8F528F-16A9-4FCA-9077-0543313BD20B}.Release|x64.ActiveCfg = Release|x64
		{0F8F528F-16A9-4FCA-9077-0543313BD20B}.Release|x64.Build.0 = Release|x64
		{0F8F528F-16A9-4FCA-9077-0543313BD20B}.Release|x86.ActiveCfg = Release|Win32
		{0F8F528F-16A9-4FCA-9077-0543313BD20B}.Release|x86.Build.0 = Release|Win32
	EndGlobalSection
	GlobalSection(SolutionProperties) = preSolution
		HideSolutionNode = FALSE
	EndGlobalSection
	GlobalSection(ExtensibilityGlobals) = postSolution
		SolutionGuid = {6452ABE3-7D09-4376-80CE-F7209A3693B5}
	EndGlobalSection
EndGlobal
